
Microsoft Visual Studio Solution File, Format Version 12.00
# Visual Studio 14
VisualStudioVersion = 14.0.25123.0
MinimumVisualStudioVersion = 10.0.40219.1
Project("{FAE04EC0-301F-11D3-BF4B-00C04F79EFBC}") = "SharpHttpServer", "SharpHttpServer\SharpHttpServer.csproj", "{89B60354-856A-4F3C-9435-DB3CFD31515A}"
EndProject
Project("{2150E333-8FDC-42A3-9474-1A3956D46DE8}") = "Solution Items", "Solution Items", "{08F3C505-A097-4DAE-972A-837E6FECFBD6}"
	ProjectSection(SolutionItems) = preProject
		.gitignore = .gitignore
		build.ps1 = build.ps1
		README.md = README.md
	EndProjectSection
EndProject
Project("{2150E333-8FDC-42A3-9474-1A3956D46DE8}") = "NuGet", "NuGet", "{4C46FE78-1464-498A-BEB5-8A6FF4719FF2}"
	ProjectSection(SolutionItems) = preProject
		NuGet\NuGet.exe = NuGet\NuGet.exe
		NuGet\SharpHttpServer.csproj.nuspec = NuGet\SharpHttpServer.csproj.nuspec
	EndProjectSection
EndProject
Project("{FAE04EC0-301F-11D3-BF4B-00C04F79EFBC}") = "SharpHttpServer.DemoConsoleApp", "SharpHttpServer.DemoConsoleApp\SharpHttpServer.DemoConsoleApp.csproj", "{BA12DE33-EDB2-43E5-9D8D-1BF1194A924B}"
EndProject
Project("{FAE04EC0-301F-11D3-BF4B-00C04F79EFBC}") = "SharpHttpServerTests", "SharpHttpServerTests\SharpHttpServerTests.csproj", "{2879C855-A300-48F5-AADA-7FEA5C65E1D9}"
EndProject
Global
	GlobalSection(SolutionConfigurationPlatforms) = preSolution
		Debug|Any CPU = Debug|Any CPU
		Release|Any CPU = Release|Any CPU
	EndGlobalSection
	GlobalSection(ProjectConfigurationPlatforms) = postSolution
		{89B60354-856A-4F3C-9435-DB3CFD31515A}.Debug|Any CPU.ActiveCfg = Debug|Any CPU
		{89B60354-856A-4F3C-9435-DB3CFD31515A}.Debug|Any CPU.Build.0 = Debug|Any CPU
		{89B60354-856A-4F3C-9435-DB3CFD31515A}.Release|Any CPU.ActiveCfg = Release|Any CPU
		{89B60354-856A-4F3C-9435-DB3CFD31515A}.Release|Any CPU.Build.0 = Release|Any CPU
		{BA12DE33-EDB2-43E5-9D8D-1BF1194A924B}.Debug|Any CPU.ActiveCfg = Debug|Any CPU
		{BA12DE33-EDB2-43E5-9D8D-1BF1194A924B}.Debug|Any CPU.Build.0 = Debug|Any CPU
		{BA12DE33-EDB2-43E5-9D8D-1BF1194A924B}.Release|Any CPU.ActiveCfg = Release|Any CPU
		{BA12DE33-EDB2-43E5-9D8D-1BF1194A924B}.Release|Any CPU.Build.0 = Release|Any CPU
		{2879C855-A300-48F5-AADA-7FEA5C65E1D9}.Debug|Any CPU.ActiveCfg = Debug|Any CPU
		{2879C855-A300-48F5-AADA-7FEA5C65E1D9}.Debug|Any CPU.Build.0 = Debug|Any CPU
		{2879C855-A300-48F5-AADA-7FEA5C65E1D9}.Release|Any CPU.ActiveCfg = Release|Any CPU
		{2879C855-A300-48F5-AADA-7FEA5C65E1D9}.Release|Any CPU.Build.0 = Release|Any CPU
	EndGlobalSection
	GlobalSection(SolutionProperties) = preSolution
		HideSolutionNode = FALSE
	EndGlobalSection
EndGlobal
